
Microsoft Visual Studio Solution File, Format Version 12.00
Project("{FAE04EC0-301F-11D3-BF4B-00C04F79EFBC}") = "Zadanie 6", "Zadanie 6\Zadanie 6.csproj", "{3F22ED92-BAFC-4C6E-AF23-D3BDA4E67C9B}"
EndProject
Project("{FAE04EC0-301F-11D3-BF4B-00C04F79EFBC}") = "Zadanie 6 Tests", "Zadanie 6 Tests\Zadanie 6 Tests.csproj", "{9C9241ED-C873-4DDD-B473-391C565A291C}"
EndProject
Global
	GlobalSection(SolutionConfigurationPlatforms) = preSolution
		Debug|Any CPU = Debug|Any CPU
		Release|Any CPU = Release|Any CPU
	EndGlobalSection
	GlobalSection(ProjectConfigurationPlatforms) = postSolution
		{3F22ED92-BAFC-4C6E-AF23-D3BDA4E67C9B}.Debug|Any CPU.ActiveCfg = Debug|Any CPU
		{3F22ED92-BAFC-4C6E-AF23-D3BDA4E67C9B}.Debug|Any CPU.Build.0 = Debug|Any CPU
		{3F22ED92-BAFC-4C6E-AF23-D3BDA4E67C9B}.Release|Any CPU.ActiveCfg = Release|Any CPU
		{3F22ED92-BAFC-4C6E-AF23-D3BDA4E67C9B}.Release|Any CPU.Build.0 = Release|Any CPU
		{9C9241ED-C873-4DDD-B473-391C565A291C}.Debug|Any CPU.ActiveCfg = Debug|Any CPU
		{9C9241ED-C873-4DDD-B473-391C565A291C}.Debug|Any CPU.Build.0 = Debug|Any CPU
		{9C9241ED-C873-4DDD-B473-391C565A291C}.Release|Any CPU.ActiveCfg = Release|Any CPU
		{9C9241ED-C873-4DDD-B473-391C565A291C}.Release|Any CPU.Build.0 = Release|Any CPU
	EndGlobalSection
EndGlobal
